Microsoft Visual Studio Solution File, Format Version 12.00
# Visual Studio Version 17
VisualStudioVersion = 17.5.2.0
MinimumVisualStudioVersion = 10.0.40219.1
Project("{FAE04EC0-301F-11D3-BF4B-00C04F79EFBC}") = "ExpirationPoliciesApp", "ExpirationPoliciesApp.csproj", "{A6199E91-8036-7FF4-4BE3-8E5192987BE1}"
EndProject
Global
	GlobalSection(SolutionConfigurationPlatforms) = preSolution
		Debug|Any CPU = Debug|Any CPU
		Release|Any CPU = Release|Any CPU
	EndGlobalSection
	GlobalSection(ProjectConfigurationPlatforms) = postSolution
		{A6199E91-8036-7FF4-4BE3-8E5192987BE1}.Debug|Any CPU.ActiveCfg = Debug|Any CPU
		{A6199E91-8036-7FF4-4BE3-8E5192987BE1}.Debug|Any CPU.Build.0 = Debug|Any CPU
		{A6199E91-8036-7FF4-4BE3-8E5192987BE1}.Release|Any CPU.ActiveCfg = Release|Any CPU
		{A6199E91-8036-7FF4-4BE3-8E5192987BE1}.Release|Any CPU.Build.0 = Release|Any CPU
	EndGlobalSection
	GlobalSection(SolutionProperties) = preSolution
		HideSolutionNode = FALSE
	EndGlobalSection
	GlobalSection(ExtensibilityGlobals) = postSolution
		SolutionGuid = {F44DD96F-C165-419A-8914-7617E6FA5349}
	EndGlobalSection
EndGlobal
